
Microsoft Visual Studio Solution File, Format Version 12.00
# Visual Studio Version 16
VisualStudioVersion = 16.0.29920.165
MinimumVisualStudioVersion = 10.0.40219.1
Project("{9A19103F-16F7-4668-BE54-9A1E7A4F7556}") = "ProjetoFinal_API", "ProjetoFinal_API\ProjetoFinal_API.csproj", "{63122573-8DC1-4500-965A-590E43BB2922}"
EndProject
Project("{9A19103F-16F7-4668-BE54-9A1E7A4F7556}") = "ProjetoFinal_Web", "ProjetoFinal_Web\ProjetoFinal_Web.csproj", "{E326103F-58CF-43FE-A710-DFB643518E71}"
EndProject
Global
	GlobalSection(SolutionConfigurationPlatforms) = preSolution
		Debug|Any CPU = Debug|Any CPU
		Release|Any CPU = Release|Any CPU
	EndGlobalSection
	GlobalSection(ProjectConfigurationPlatforms) = postSolution
		{63122573-8DC1-4500-965A-590E43BB2922}.Debug|Any CPU.ActiveCfg = Debug|Any CPU
		{63122573-8DC1-4500-965A-590E43BB2922}.Debug|Any CPU.Build.0 = Debug|Any CPU
		{63122573-8DC1-4500-965A-590E43BB2922}.Release|Any CPU.ActiveCfg = Release|Any CPU
		{63122573-8DC1-4500-965A-590E43BB2922}.Release|Any CPU.Build.0 = Release|Any CPU
		{E326103F-58CF-43FE-A710-DFB643518E71}.Debug|Any CPU.ActiveCfg = Debug|Any CPU
		{E326103F-58CF-43FE-A710-DFB643518E71}.Debug|Any CPU.Build.0 = Debug|Any CPU
		{E326103F-58CF-43FE-A710-DFB643518E71}.Release|Any CPU.ActiveCfg = Release|Any CPU
		{E326103F-58CF-43FE-A710-DFB643518E71}.Release|Any CPU.Build.0 = Release|Any CPU
	EndGlobalSection
	GlobalSection(SolutionProperties) = preSolution
		HideSolutionNode = FALSE
	EndGlobalSection
	GlobalSection(ExtensibilityGlobals) = postSolution
		SolutionGuid = {B1BB35D9-4A40-49B0-8B97-4493A4AFF4C9}
	EndGlobalSection
EndGlobal
